// !$*UTF8*$!
{
	archiveVersion = 1;
	classes = {
	};
	objectVersion = 48;
	objects = {

/* Begin PBXBuildFile section */
		5BC33F2720075DF700356B4D /* AppDelegate.m in Sources */ = {isa = PBXBuildFile; fileRef = 5BC33F2620075DF700356B4D /* AppDelegate.m */; };
		5BC33F2A20075DF700356B4D /* ViewController.m in Sources */ = {isa = PBXBuildFile; fileRef = 5BC33F2920075DF700356B4D /* ViewController.m */; };
		5BC33F2D20075DF700356B4D /* Main.storyboard in Resources */ = {isa = PBXBuildFile; fileRef = 5BC33F2B20075DF700356B4D /* Main.storyboard */; };
		5BC33F2F20075DF700356B4D /* Assets.xcassets in Resources */ = {isa = PBXBuildFile; fileRef = 5BC33F2E20075DF700356B4D /* Assets.xcassets */; };
		5BC33F3220075DF700356B4D /* LaunchScreen.storyboard in Resources */ = {isa = PBXBuildFile; fileRef = 5BC33F3020075DF700356B4D /* LaunchScreen.storyboard */; };
		5BC33F3520075DF700356B4D /* main.m in Sources */ = {isa = PBXBuildFile; fileRef = 5BC33F3420075DF700356B4D /* main.m */; };
/* End PBXBuildFile section */

/* Begin PBXFileReference section */
		5BC33F2220075DF700356B4D /* DHControlKit.app */ = {isa = PBXFileReference; explicitFileType = wrapper.application; includeInIndex = 0; path = DHControlKit.app; sourceTree = BUILT_PRODUCTS_DIR; };
		5BC33F2520075DF700356B4D /* AppDelegate.h */ = {isa = PBXFileReference; lastKnownFileType = sourcecode.c.h; path = AppDelegate.h; sourceTree = "<group>"; };
		5BC33F2620075DF700356B4D /* AppDelegate.m */ = {isa = PBXFileReference; lastKnownFileType = sourcecode.c.objc; path = AppDelegate.m; sourceTree = "<group>"; };
		5BC33F2820075DF700356B4D /* ViewController.h */ = {isa = PBXFileReference; lastKnownFileType = sourcecode.c.h; path = ViewController.h; sourceTree = "<group>"; };
		5BC33F2920075DF700356B4D /* ViewController.m */ = {isa = PBXFileReference; lastKnownFileType = sourcecode.c.objc; path = ViewController.m; sourceTree = "<group>"; };
		5BC33F2C20075DF700356B4D /* Base */ = {isa = PBXFileReference; lastKnownFileType = file.storyboard; name = Base; path = Base.lproj/Main.storyboard; sourceTree = "<group>"; };
		5BC33F2E20075DF700356B4D /* Assets.xcassets */ = {isa = PBXFileReference; lastKnownFileType = folder.assetcatalog; path = Assets.xcassets; sourceTree = "<group>"; };
		5BC33F3120075DF700356B4D /* Base */ = {isa = PBXFileReference; lastKnownFileType = file.storyboard; name = Base; path = Base.lproj/LaunchScreen.storyboard; sourceTree = "<group>"; };
		5BC33F3320075DF700356B4D /* Info.plist */ = {isa = PBXFileReference; lastKnownFileType = text.plist.xml; path = Info.plist; sourceTree = "<group>"; };
		5BC33F3420075DF700356B4D /* main.m */ = {isa = PBXFileReference; lastKnownFileType = sourcecode.c.objc; path = main.m; sourceTree = "<group>"; };
/* End PBXFileReference section */

/* Begin PBXFrameworksBuildPhase section */
		5BC33F1F20075DF700356B4D /* Frameworks */ = {
			isa = PBXFrameworksBuildPhase;
			buildActionMask = 2147483647;
			files = (
			);
			runOnlyForDeploymentPostprocessing = 0;
		};
/* End PBXFrameworksBuildPhase section */

/* Begin PBXGroup section */
		5BC33F1920075DF700356B4D = {
			isa = PBXGroup;
			children = (
				5BC33F2420075DF700356B4D /* DHControlKit */,
				5BC33F2320075DF700356B4D /* Products */,
			);
			sourceTree = "<group>";
		};
		5BC33F2320075DF700356B4D /* Products */ = {
			isa = PBXGroup;
			children = (
				5BC33F2220075DF700356B4D /* DHControlKit.app */,
			);
			name = Products;
			sourceTree = "<group>";
		};
		5BC33F2420075DF700356B4D /* DHControlKit */ = {
			isa = PBXGroup;
			children = (
				5BC33F2520075DF700356B4D /* AppDelegate.h */,
				5BC33F2620075DF700356B4D /* AppDelegate.m */,
				5BC33F2820075DF700356B4D /* ViewController.h */,
				5BC33F2920075DF700356B4D /* ViewController.m */,
				5BC33F2B20075DF700356B4D /* Main.storyboard */,
				5BC33F2E20075DF700356B4D /* Assets.xcassets */,
				5BC33F3020075DF700356B4D /* LaunchScreen.storyboard */,
				5BC33F3320075DF700356B4D /* Info.plist */,
				5BC33F3420075DF700356B4D /* main.m */,
			);
			path = DHControlKit;
			sourceTree = "<group>";
		};
/* End PBXGroup section */

/* Begin PBXNativeTarget section */
		5BC33F2120075DF700356B4D /* DHControlKit */ = {
			isa = PBXNativeTarget;
			buildConfigurationList = 5BC33F3820075DF700356B4D /* Build configuration list for PBXNativeTarget "DHControlKit" */;
			buildPhases = (
				5BC33F1E20075DF700356B4D /* Sources */,
				5BC33F1F20075DF700356B4D /* Frameworks */,
				5BC33F2020075DF700356B4D /* Resources */,
			);
			buildRules = (
			);
			dependencies = (
			);
			name = DHControlKit;
			productName = DHControlKit;
			productReference = 5BC33F2220075DF700356B4D /* DHControlKit.app */;
			productType = "com.apple.product-type.application";
		};
/* End PBXNativeTarget section */

/* Begin PBXProject section */
		5BC33F1A20075DF700356B4D /* Project object */ = {
			isa = PBXProject;
			attributes = {
				LastUpgradeCheck = 0920;
				ORGANIZATIONNAME = "代新辉";
				TargetAttributes = {
					5BC33F2120075DF700356B4D = {
						CreatedOnToolsVersion = 9.2;
						ProvisioningStyle = Automatic;
					};
				};
			};
			buildConfigurationList = 5BC33F1D20075DF700356B4D /* Build configuration list for PBXProject "DHControlKit" */;
			compatibilityVersion = "Xcode 8.0";
			developmentRegion = en;
			hasScannedForEncodings = 0;
			knownRegions = (
				en,
				Base,
			);
			mainGroup = 5BC33F1920075DF700356B4D;
			productRefGroup = 5BC33F2320075DF700356B4D /* Products */;
			projectDirPath = "";
			projectRoot = "";
			targets = (
				5BC33F2120075DF700356B4D /* DHControlKit */,
			);
		};
/* End PBXProject section */

/* Begin PBXResourcesBuildPhase section */
		5BC33F2020075DF700356B4D /* Resources */ = {
			isa = PBXResourcesBuildPhase;
			buildActionMask = 2147483647;
			files = (
				5BC33F3220075DF700356B4D /* LaunchScreen.storyboard in Resources */,
				5BC33F2F20075DF700356B4D /* Assets.xcassets in Resources */,
				5BC33F2D20075DF700356B4D /* Main.storyboard in Resources */,
			);
			runOnlyForDeploymentPostprocessing = 0;
		};
/* End PBXResourcesBuildPhase section */

/* Begin PBXSourcesBuildPhase section */
		5BC33F1E20075DF700356B4D /* Sources */ = {
			isa = PBXSourcesBuildPhase;
			buildActionMask = 2147483647;
			files = (
				5BC33F2A20075DF700356B4D /* ViewController.m in Sources */,
				5BC33F3520075DF700356B4D /* main.m in Sources */,
				5BC33F2720075DF700356B4D /* AppDelegate.m in Sources */,
			);
			runOnlyForDeploymentPostprocessing = 0;
		};
/* End PBXSourcesBuildPhase section */

/* Begin PBXVariantGroup section */
		5BC33F2B20075DF700356B4D /* Main.storyboard */ = {
			isa = PBXVariantGroup;
			children = (
				5BC33F2C20075DF700356B4D /* Base */,
			);
			name = Main.storyboard;
			sourceTree = "<group>";
		};
		5BC33F3020075DF700356B4D /* LaunchScreen.storyboard */ = {
			isa = PBXVariantGroup;
			children = (
				5BC33F3120075DF700356B4D /* Base */,
			);
			name = LaunchScreen.storyboard;
			sourceTree = "<group>";
		};
/* End PBXVariantGroup section */

/* Begin XCBuildConfiguration section */
		5BC33F3620075DF700356B4D /* Debug */ = {
			isa = XCBuildConfiguration;
			buildSettings = {
				ALWAYS_SEARCH_USER_PATHS = NO;
				CLANG_ANALYZER_NONNULL = YES;
				CLANG_ANALYZER_NUMBER_OBJECT_CONVERSION = YES_AGGRESSIVE;
				CLANG_CXX_LANGUAGE_STANDARD = "gnu++14";
				CLANG_CXX_LIBRARY = "libc++";
				CLANG_ENABLE_MODULES = YES;
				CLANG_ENABLE_OBJC_ARC = YES;
				CLANG_WARN_BLOCK_CAPTURE_AUTORELEASING = YES;
				CLANG_WARN_BOOL_CONVERSION = YES;
				CLANG_WARN_COMMA = YES;
				CLANG_WARN_CONSTANT_CONVERSION = YES;
				CLANG_WARN_DIRECT_OBJC_ISA_USAGE = YES_ERROR;
				CLANG_WARN_DOCUMENTATION_COMMENTS = YES;
				CLANG_WARN_EMPTY_BODY = YES;
				CLANG_WARN_ENUM_CONVERSION = YES;
				CLANG_WARN_INFINITE_RECURSION = YES;
				CLANG_WARN_INT_CONVERSION = YES;
				CLANG_WARN_NON_LITERAL_NULL_CONVERSION = YES;
				CLANG_WARN_OBJC_LITERAL_CONVERSION = YES;
				CLANG_WARN_OBJC_ROOT_CLASS = YES_ERROR;
				CLANG_WARN_RANGE_LOOP_ANALYSIS = YES;
				CLANG_WARN_STRICT_PROTOTYPES = YES;
				CLANG_WARN_SUSPICIOUS_MOVE = YES;
				CLANG_WARN_UNGUARDED_AVAILABILITY = YES_AGGRESSIVE;
				CLANG_WARN_UNREACHABLE_CODE = YES;
				CLANG_WARN__DUPLICATE_METHOD_MATCH = YES;
				CODE_SIGN_IDENTITY = "iPhone Developer";
				COPY_PHASE_STRIP = NO;
				DEBUG_INFORMATION_FORMAT = dwarf;
				ENABLE_STRICT_OBJC_MSGSEND = YES;
				ENABLE_TESTABILITY = YES;
				GCC_C_LANGUAGE_STANDARD = gnu11;
				GCC_DYNAMIC_NO_PIC = NO;
				GCC_NO_COMMON_BLOCKS = YES;
				GCC_OPTIMIZATION_LEVEL = 0;
				GCC_PREPROCESSOR_DEFINITIONS = (
					"DEBUG=1",
					"$(inherited)",
				);
				GCC_WARN_64_TO_32_BIT_CONVERSION = YES;
				GCC_WARN_ABOUT_RETURN_TYPE = YES_ERROR;
				GCC_WARN_UNDECLARED_SELECTOR = YES;
				GCC_WARN_UNINITIALIZED_AUTOS = YES_AGGRESSIVE;
				GCC_WARN_UNUSED_FUNCTION = YES;
				GCC_WARN_UNUSED_VARIABLE = YES;
				IPHONEOS_DEPLOYMENT_TARGET = 11.2;
				MTL_ENABLE_DEBUG_INFO = YES;
				ONLY_ACTIVE_ARCH = YES;
				SDKROOT = iphoneos;
			};
			name = Debug;
		};
		5BC33F3720075DF700356B4D /* Release */ = {
			isa = XCBuildConfiguration;
			buildSettings = {
				ALWAYS_SEARCH_USER_PATHS = NO;
				CLANG_ANALYZER_NONNULL = YES;
				CLANG_ANALYZER_NUMBER_OBJECT_CONVERSION = YES_AGGRESSIVE;
				CLANG_CXX_LANGUAGE_STANDARD = "gnu++14";
				CLANG_CXX_LIBRARY = "libc++";
				CLANG_ENABLE_MODULES = YES;
				CLANG_ENABLE_OBJC_ARC = YES;
				CLANG_WARN_BLOCK_CAPTURE_AUTORELEASING = YES;
				CLANG_WARN_BOOL_CONVERSION = YES;
				CLANG_WARN_COMMA = YES;
				CLANG_WARN_CONSTANT_CONVERSION = YES;
				CLANG_WARN_DIRECT_OBJC_ISA_USAGE = YES_ERROR;
				CLANG_WARN_DOCUMENTATION_COMMENTS = YES;
				CLANG_WARN_EMPTY_BODY = YES;
				CLANG_WARN_ENUM_CONVERSION = YES;
				CLANG_WARN_INFINITE_RECURSION = YES;
				CLANG_WARN_INT_CONVERSION = YES;
				CLANG_WARN_NON_LITERAL_NULL_CONVERSION = YES;
				CLANG_WARN_OBJC_LITERAL_CONVERSION = YES;
				CLANG_WARN_OBJC_ROOT_CLASS = YES_ERROR;
				CLANG_WARN_RANGE_LOOP_ANALYSIS = YES;
				CLANG_WARN_STRICT_PROTOTYPES = YES;
				CLANG_WARN_SUSPICIOUS_MOVE = YES;
				CLANG_WARN_UNGUARDED_AVAILABILITY = YES_AGGRESSIVE;
				CLANG_WARN_UNREACHABLE_CODE = YES;
				CLANG_WARN__DUPLICATE_METHOD_MATCH = YES;
				CODE_SIGN_IDENTITY = "iPhone Developer";
				COPY_PHASE_STRIP = NO;
				DEBUG_INFORMATION_FORMAT = "dwarf-with-dsym";
				ENABLE_NS_ASSERTIONS = NO;
				ENABLE_STRICT_OBJC_MSGSEND = YES;
				GCC_C_LANGUAGE_STANDARD = gnu11;
				GCC_NO_COMMON_BLOCKS = YES;
				GCC_WARN_64_TO_32_BIT_CONVERSION = YES;
				GCC_WARN_ABOUT_RETURN_TYPE = YES_ERROR;
				GCC_WARN_UNDECLARED_SELECTOR = YES;
				GCC_WARN_UNINITIALIZED_AUTOS = YES_AGGRESSIVE;
				GCC_WARN_UNUSED_FUNCTION = YES;
				GCC_WARN_UNUSED_VARIABLE = YES;
				IPHONEOS_DEPLOYMENT_TARGET = 11.2;
				MTL_ENABLE_DEBUG_INFO = NO;
				SDKROOT = iphoneos;
				VALIDATE_PRODUCT = YES;
			};
			name = Release;
		};
		5BC33F3920075DF700356B4D /* Debug */ = {
			isa = XCBuildConfiguration;
			buildSettings = {
				ASSETCATALOG_COMPILER_APPICON_NAME = AppIcon;
				CODE_SIGN_STYLE = Automatic;
				DEVELOPMENT_TEAM = DFD88F82SU;
				INFOPLIST_FILE = DHControlKit/Info.plist;
				LD_RUNPATH_SEARCH_PATHS = "$(inherited) @executable_path/Frameworks";
				PRODUCT_BUNDLE_IDENTIFIER = com.sogou.DHControlKit;
				PRODUCT_NAME = "$(TARGET_NAME)";
				TARGETED_DEVICE_FAMILY = "1,2";
			};
			name = Debug;
		};
		5BC33F3A20075DF700356B4D /* Release */ = {
			isa = XCBuildConfiguration;
			buildSettings = {
				ASSETCATALOG_COMPILER_APPICON_NAME = AppIcon;
				CODE_SIGN_STYLE = Automatic;
				DEVELOPMENT_TEAM = DFD88F82SU;
				INFOPLIST_FILE = DHControlKit/Info.plist;
				LD_RUNPATH_SEARCH_PATHS = "$(inherited) @executable_path/Frameworks";
				PRODUCT_BUNDLE_IDENTIFIER = com.sogou.DHControlKit;
				PRODUCT_NAME = "$(TARGET_NAME)";
				TARGETED_DEVICE_FAMILY = "1,2";
			};
			name = Release;
		};
/* End XCBuildConfiguration section */

/* Begin XCConfigurationList section */
		5BC33F1D20075DF700356B4D /* Build configuration list for PBXProject "DHControlKit" */ = {
			isa = XCConfigurationList;
			buildConfigurations = (
				5BC33F3620075DF700356B4D /* Debug */,
				5BC33F3720075DF700356B4D /* Release */,
			);
			defaultConfigurationIsVisible = 0;
			defaultConfigurationName = Release;
		};
		5BC33F3820075DF700356B4D /* Build configuration list for PBXNativeTarget "DHControlKit" */ = {
			isa = XCConfigurationList;
			buildConfigurations = (
				5BC33F3920075DF700356B4D /* Debug */,
				5BC33F3A20075DF700356B4D /* Release */,
			);
			defaultConfigurationIsVisible = 0;
			defaultConfigurationName = Release;
		};
/* End XCConfigurationList section */
	};
	rootObject = 5BC33F1A20075DF700356B4D /* Project object */;
}
