// !$*UTF8*$!
{
	archiveVersion = 1;
	classes = {
	};
	objectVersion = 48;
	objects = {

/* Begin PBXBuildFile section */
		5B8F3EB5204405F9004CD6D2 /* DHVideoPlayer.m in Sources */ = {isa = PBXBuildFile; fileRef = 5B8F3EB4204405F9004CD6D2 /* DHVideoPlayer.m */; };
		5B8F3EB920440A13004CD6D2 /* DHAudioPlayer.m in Sources */ = {isa = PBXBuildFile; fileRef = 5B8F3EB820440A13004CD6D2 /* DHAudioPlayer.m */; };
		5BC33F2720075DF700356B4D /* AppDelegate.m in Sources */ = {isa = PBXBuildFile; fileRef = 5BC33F2620075DF700356B4D /* AppDelegate.m */; };
		5BC33F2A20075DF700356B4D /* ViewController.m in Sources */ = {isa = PBXBuildFile; fileRef = 5BC33F2920075DF700356B4D /* ViewController.m */; };
		5BC33F2D20075DF700356B4D /* Main.storyboard in Resources */ = {isa = PBXBuildFile; fileRef = 5BC33F2B20075DF700356B4D /* Main.storyboard */; };
		5BC33F2F20075DF700356B4D /* Assets.xcassets in Resources */ = {isa = PBXBuildFile; fileRef = 5BC33F2E20075DF700356B4D /* Assets.xcassets */; };
		5BC33F3220075DF700356B4D /* LaunchScreen.storyboard in Resources */ = {isa = PBXBuildFile; fileRef = 5BC33F3020075DF700356B4D /* LaunchScreen.storyboard */; };
		5BC33F3520075DF700356B4D /* main.m in Sources */ = {isa = PBXBuildFile; fileRef = 5BC33F3420075DF700356B4D /* main.m */; };
		5BC33F5D2007610800356B4D /* DHSlideView.m in Sources */ = {isa = PBXBuildFile; fileRef = 5BC33F412007610800356B4D /* DHSlideView.m */; };
		5BC33F5E2007610800356B4D /* DHColorChangeUtils.m in Sources */ = {isa = PBXBuildFile; fileRef = 5BC33F422007610800356B4D /* DHColorChangeUtils.m */; };
		5BC33F5F2007610800356B4D /* DHScrollTabbarView.m in Sources */ = {isa = PBXBuildFile; fileRef = 5BC33F442007610800356B4D /* DHScrollTabbarView.m */; };
		5BC33F602007610800356B4D /* DHCustomSlideView.m in Sources */ = {isa = PBXBuildFile; fileRef = 5BC33F452007610800356B4D /* DHCustomSlideView.m */; };
		5BC33F612007610800356B4D /* DHCache.m in Sources */ = {isa = PBXBuildFile; fileRef = 5BC33F472007610800356B4D /* DHCache.m */; };
		5BC33F622007610800356B4D /* DHViewAnimator.m in Sources */ = {isa = PBXBuildFile; fileRef = 5BC33F4D2007610800356B4D /* DHViewAnimator.m */; };
		5BC33F632007610800356B4D /* DHSwipeViewProtocol.m in Sources */ = {isa = PBXBuildFile; fileRef = 5BC33F4E2007610800356B4D /* DHSwipeViewProtocol.m */; };
		5BC33F642007610800356B4D /* DHSwipeView.m in Sources */ = {isa = PBXBuildFile; fileRef = 5BC33F502007610800356B4D /* DHSwipeView.m */; };
		5BC33F652007610800356B4D /* DHSwipeUtils.m in Sources */ = {isa = PBXBuildFile; fileRef = 5BC33F512007610800356B4D /* DHSwipeUtils.m */; };
		5BC33F662007610800356B4D /* DHViewManager.m in Sources */ = {isa = PBXBuildFile; fileRef = 5BC33F542007610800356B4D /* DHViewManager.m */; };
		5BC33F672007610800356B4D /* DHParallaxHeader.m in Sources */ = {isa = PBXBuildFile; fileRef = 5BC33F572007610800356B4D /* DHParallaxHeader.m */; };
		5BC33F682007610800356B4D /* DHScrollViewController.m in Sources */ = {isa = PBXBuildFile; fileRef = 5BC33F5A2007610800356B4D /* DHScrollViewController.m */; };
		5BC33F692007610800356B4D /* DHScrollView.m in Sources */ = {isa = PBXBuildFile; fileRef = 5BC33F5B2007610800356B4D /* DHScrollView.m */; };
		5BC33F8D200767D500356B4D /* NSRegularExpression+Additions.m in Sources */ = {isa = PBXBuildFile; fileRef = 5BC33F6E200767D400356B4D /* NSRegularExpression+Additions.m */; };
		5BC33F8E200767D500356B4D /* UIColor+Additions.m in Sources */ = {isa = PBXBuildFile; fileRef = 5BC33F6F200767D400356B4D /* UIColor+Additions.m */; };
		5BC33F8F200767D500356B4D /* UIView+Additions.m in Sources */ = {isa = PBXBuildFile; fileRef = 5BC33F75200767D400356B4D /* UIView+Additions.m */; };
		5BC33F90200767D500356B4D /* UITextField+Additons.m in Sources */ = {isa = PBXBuildFile; fileRef = 5BC33F76200767D400356B4D /* UITextField+Additons.m */; };
		5BC33F91200767D500356B4D /* NSNumber+Additions.m in Sources */ = {isa = PBXBuildFile; fileRef = 5BC33F78200767D400356B4D /* NSNumber+Additions.m */; };
		5BC33F92200767D500356B4D /* UIImage+Additions.m in Sources */ = {isa = PBXBuildFile; fileRef = 5BC33F7B200767D400356B4D /* UIImage+Additions.m */; };
		5BC33F93200767D500356B4D /* NSArray+Additions.m in Sources */ = {isa = PBXBuildFile; fileRef = 5BC33F7C200767D400356B4D /* NSArray+Additions.m */; };
		5BC33F94200767D500356B4D /* NSString+Additions.m in Sources */ = {isa = PBXBuildFile; fileRef = 5BC33F7E200767D400356B4D /* NSString+Additions.m */; };
		5BC33F95200767D500356B4D /* UITableView+Additions.m in Sources */ = {isa = PBXBuildFile; fileRef = 5BC33F7F200767D400356B4D /* UITableView+Additions.m */; };
		5BC33F96200767D500356B4D /* NSDate+Additions.m in Sources */ = {isa = PBXBuildFile; fileRef = 5BC33F80200767D400356B4D /* NSDate+Additions.m */; };
		5BC33F97200767D500356B4D /* NSData+Additions.m in Sources */ = {isa = PBXBuildFile; fileRef = 5BC33F81200767D400356B4D /* NSData+Additions.m */; };
		5BC33F98200767D500356B4D /* NSObject+Additions.m in Sources */ = {isa = PBXBuildFile; fileRef = 5BC33F82200767D400356B4D /* NSObject+Additions.m */; };
		5BC33F99200767D500356B4D /* UIScrollView+Additions.m in Sources */ = {isa = PBXBuildFile; fileRef = 5BC33F83200767D400356B4D /* UIScrollView+Additions.m */; };
		5BC33F9A200767D500356B4D /* NSDictionary+Additions.m in Sources */ = {isa = PBXBuildFile; fileRef = 5BC33F84200767D500356B4D /* NSDictionary+Additions.m */; };
		5BC33F9B200767D500356B4D /* NSNotificationCenter+Additions.m in Sources */ = {isa = PBXBuildFile; fileRef = 5BC33F86200767D500356B4D /* NSNotificationCenter+Additions.m */; };
		5BC33FA2200768BC00356B4D /* DHCardViewController.m in Sources */ = {isa = PBXBuildFile; fileRef = 5BC33FA0200768BC00356B4D /* DHCardViewController.m */; };
		5BC33FA3200768BC00356B4D /* DHCardViewController.xib in Resources */ = {isa = PBXBuildFile; fileRef = 5BC33FA1200768BC00356B4D /* DHCardViewController.xib */; };
		5BC33FA6200768D500356B4D /* DHCardView.m in Sources */ = {isa = PBXBuildFile; fileRef = 5BC33FA5200768D500356B4D /* DHCardView.m */; };
		5BC33FA920076A4900356B4D /* DHSegmentationViewController.m in Sources */ = {isa = PBXBuildFile; fileRef = 5BC33FA820076A4900356B4D /* DHSegmentationViewController.m */; };
		5BC33FAD20076A8300356B4D /* DHSegmentHeaderViewController.m in Sources */ = {isa = PBXBuildFile; fileRef = 5BC33FAB20076A8300356B4D /* DHSegmentHeaderViewController.m */; };
		5BC33FAE20076A8300356B4D /* DHSegmentHeaderViewController.xib in Resources */ = {isa = PBXBuildFile; fileRef = 5BC33FAC20076A8300356B4D /* DHSegmentHeaderViewController.xib */; };
		5BC33FB220076AAB00356B4D /* DHSlideViewViewController.m in Sources */ = {isa = PBXBuildFile; fileRef = 5BC33FB020076AAB00356B4D /* DHSlideViewViewController.m */; };
		5BC33FB320076AAB00356B4D /* DHSlideViewViewController.xib in Resources */ = {isa = PBXBuildFile; fileRef = 5BC33FB120076AAB00356B4D /* DHSlideViewViewController.xib */; };
		5BC33FBB20076D5E00356B4D /* DHContentViewController.m in Sources */ = {isa = PBXBuildFile; fileRef = 5BC33FB920076D5E00356B4D /* DHContentViewController.m */; };
		5BC33FBC20076D5E00356B4D /* DHContentViewController.xib in Resources */ = {isa = PBXBuildFile; fileRef = 5BC33FBA20076D5E00356B4D /* DHContentViewController.xib */; };
		A87223F3691225DAE612C11E /* libPods-DHControlKit.a in Frameworks */ = {isa = PBXBuildFile; fileRef = 64C80C56F689E2BB55AC5932 /* libPods-DHControlKit.a */; };
/* End PBXBuildFile section */

/* Begin PBXFileReference section */
		154B02DDFB43457F32ED9BF8 /* Pods-DHControlKit.debug.xcconfig */ = {isa = PBXFileReference; includeInIndex = 1; lastKnownFileType = text.xcconfig; name = "Pods-DHControlKit.debug.xcconfig"; path = "Pods/Target Support Files/Pods-DHControlKit/Pods-DHControlKit.debug.xcconfig"; sourceTree = "<group>"; };
		5B8F3EB3204405F9004CD6D2 /* DHVideoPlayer.h */ = {isa = PBXFileReference; lastKnownFileType = sourcecode.c.h; path = DHVideoPlayer.h; sourceTree = "<group>"; };
		5B8F3EB4204405F9004CD6D2 /* DHVideoPlayer.m */ = {isa = PBXFileReference; lastKnownFileType = sourcecode.c.objc; path = DHVideoPlayer.m; sourceTree = "<group>"; };
		5B8F3EB62044064A004CD6D2 /* DXHObjectSingeton.h */ = {isa = PBXFileReference; lastKnownFileType = sourcecode.c.h; path = DXHObjectSingeton.h; sourceTree = "<group>"; };
		5B8F3EB720440A13004CD6D2 /* DHAudioPlayer.h */ = {isa = PBXFileReference; lastKnownFileType = sourcecode.c.h; path = DHAudioPlayer.h; sourceTree = "<group>"; };
		5B8F3EB820440A13004CD6D2 /* DHAudioPlayer.m */ = {isa = PBXFileReference; lastKnownFileType = sourcecode.c.objc; path = DHAudioPlayer.m; sourceTree = "<group>"; };
		5BC33F2220075DF700356B4D /* DHControlKit.app */ = {isa = PBXFileReference; explicitFileType = wrapper.application; includeInIndex = 0; path = DHControlKit.app; sourceTree = BUILT_PRODUCTS_DIR; };
		5BC33F2520075DF700356B4D /* AppDelegate.h */ = {isa = PBXFileReference; lastKnownFileType = sourcecode.c.h; path = AppDelegate.h; sourceTree = "<group>"; };
		5BC33F2620075DF700356B4D /* AppDelegate.m */ = {isa = PBXFileReference; lastKnownFileType = sourcecode.c.objc; path = AppDelegate.m; sourceTree = "<group>"; };
		5BC33F2820075DF700356B4D /* ViewController.h */ = {isa = PBXFileReference; lastKnownFileType = sourcecode.c.h; path = ViewController.h; sourceTree = "<group>"; };
		5BC33F2920075DF700356B4D /* ViewController.m */ = {isa = PBXFileReference; lastKnownFileType = sourcecode.c.objc; path = ViewController.m; sourceTree = "<group>"; };
		5BC33F2C20075DF700356B4D /* Base */ = {isa = PBXFileReference; lastKnownFileType = file.storyboard; name = Base; path = Base.lproj/Main.storyboard; sourceTree = "<group>"; };
		5BC33F2E20075DF700356B4D /* Assets.xcassets */ = {isa = PBXFileReference; lastKnownFileType = folder.assetcatalog; path = Assets.xcassets; sourceTree = "<group>"; };
		5BC33F3120075DF700356B4D /* Base */ = {isa = PBXFileReference; lastKnownFileType = file.storyboard; name = Base; path = Base.lproj/LaunchScreen.storyboard; sourceTree = "<group>"; };
		5BC33F3320075DF700356B4D /* Info.plist */ = {isa = PBXFileReference; lastKnownFileType = text.plist.xml; path = Info.plist; sourceTree = "<group>"; };
		5BC33F3420075DF700356B4D /* main.m */ = {isa = PBXFileReference; lastKnownFileType = sourcecode.c.objc; path = main.m; sourceTree = "<group>"; };
		5BC33F3E2007610800356B4D /* DHScrollTabbarView.h */ = {isa = PBXFileReference; fileEncoding = 4; lastKnownFileType = sourcecode.c.h; path = DHScrollTabbarView.h; sourceTree = "<group>"; };
		5BC33F3F2007610800356B4D /* DHCustomSlideView.h */ = {isa = PBXFileReference; fileEncoding = 4; lastKnownFileType = sourcecode.c.h; path = DHCustomSlideView.h; sourceTree = "<group>"; };
		5BC33F402007610800356B4D /* DHSlideTabbarProtocol.h */ = {isa = PBXFileReference; fileEncoding = 4; lastKnownFileType = sourcecode.c.h; path = DHSlideTabbarProtocol.h; sourceTree = "<group>"; };
		5BC33F412007610800356B4D /* DHSlideView.m */ = {isa = PBXFileReference; fileEncoding = 4; lastKnownFileType = sourcecode.c.objc; path = DHSlideView.m; sourceTree = "<group>"; };
		5BC33F422007610800356B4D /* DHColorChangeUtils.m */ = {isa = PBXFileReference; fileEncoding = 4; lastKnownFileType = sourcecode.c.objc; path = DHColorChangeUtils.m; sourceTree = "<group>"; };
		5BC33F432007610800356B4D /* DHCache.h */ = {isa = PBXFileReference; fileEncoding = 4; lastKnownFileType = sourcecode.c.h; path = DHCache.h; sourceTree = "<group>"; };
		5BC33F442007610800356B4D /* DHScrollTabbarView.m */ = {isa = PBXFileReference; fileEncoding = 4; lastKnownFileType = sourcecode.c.objc; path = DHScrollTabbarView.m; sourceTree = "<group>"; };
		5BC33F452007610800356B4D /* DHCustomSlideView.m */ = {isa = PBXFileReference; fileEncoding = 4; lastKnownFileType = sourcecode.c.objc; path = DHCustomSlideView.m; sourceTree = "<group>"; };
		5BC33F462007610800356B4D /* DHCacheProtocol.h */ = {isa = PBXFileReference; fileEncoding = 4; lastKnownFileType = sourcecode.c.h; path = DHCacheProtocol.h; sourceTree = "<group>"; };
		5BC33F472007610800356B4D /* DHCache.m */ = {isa = PBXFileReference; fileEncoding = 4; lastKnownFileType = sourcecode.c.objc; path = DHCache.m; sourceTree = "<group>"; };
		5BC33F482007610800356B4D /* DHColorChangeUtils.h */ = {isa = PBXFileReference; fileEncoding = 4; lastKnownFileType = sourcecode.c.h; path = DHColorChangeUtils.h; sourceTree = "<group>"; };
		5BC33F492007610800356B4D /* DHSlideView.h */ = {isa = PBXFileReference; fileEncoding = 4; lastKnownFileType = sourcecode.c.h; path = DHSlideView.h; sourceTree = "<group>"; };
		5BC33F4B2007610800356B4D /* DHSwipeUtils.h */ = {isa = PBXFileReference; fileEncoding = 4; lastKnownFileType = sourcecode.c.h; path = DHSwipeUtils.h; sourceTree = "<group>"; };
		5BC33F4C2007610800356B4D /* DHSwipeView.h */ = {isa = PBXFileReference; fileEncoding = 4; lastKnownFileType = sourcecode.c.h; path = DHSwipeView.h; sourceTree = "<group>"; };
		5BC33F4D2007610800356B4D /* DHViewAnimator.m */ = {isa = PBXFileReference; fileEncoding = 4; lastKnownFileType = sourcecode.c.objc; path = DHViewAnimator.m; sourceTree = "<group>"; };
		5BC33F4E2007610800356B4D /* DHSwipeViewProtocol.m */ = {isa = PBXFileReference; fileEncoding = 4; lastKnownFileType = sourcecode.c.objc; path = DHSwipeViewProtocol.m; sourceTree = "<group>"; };
		5BC33F4F2007610800356B4D /* DHViewManager.h */ = {isa = PBXFileReference; fileEncoding = 4; lastKnownFileType = sourcecode.c.h; path = DHViewManager.h; sourceTree = "<group>"; };
		5BC33F502007610800356B4D /* DHSwipeView.m */ = {isa = PBXFileReference; fileEncoding = 4; lastKnownFileType = sourcecode.c.objc; path = DHSwipeView.m; sourceTree = "<group>"; };
		5BC33F512007610800356B4D /* DHSwipeUtils.m */ = {isa = PBXFileReference; fileEncoding = 4; lastKnownFileType = sourcecode.c.objc; path = DHSwipeUtils.m; sourceTree = "<group>"; };
		5BC33F522007610800356B4D /* DHViewAnimator.h */ = {isa = PBXFileReference; fileEncoding = 4; lastKnownFileType = sourcecode.c.h; path = DHViewAnimator.h; sourceTree = "<group>"; };
		5BC33F532007610800356B4D /* DHSwipeViewProtocol.h */ = {isa = PBXFileReference; fileEncoding = 4; lastKnownFileType = sourcecode.c.h; path = DHSwipeViewProtocol.h; sourceTree = "<group>"; };
		5BC33F542007610800356B4D /* DHViewManager.m */ = {isa = PBXFileReference; fileEncoding = 4; lastKnownFileType = sourcecode.c.objc; path = DHViewManager.m; sourceTree = "<group>"; };
		5BC33F562007610800356B4D /* DHScrollViewController.h */ = {isa = PBXFileReference; fileEncoding = 4; lastKnownFileType = sourcecode.c.h; path = DHScrollViewController.h; sourceTree = "<group>"; };
		5BC33F572007610800356B4D /* DHParallaxHeader.m */ = {isa = PBXFileReference; fileEncoding = 4; lastKnownFileType = sourcecode.c.objc; path = DHParallaxHeader.m; sourceTree = "<group>"; };
		5BC33F582007610800356B4D /* DHScrollView.h */ = {isa = PBXFileReference; fileEncoding = 4; lastKnownFileType = sourcecode.c.h; path = DHScrollView.h; sourceTree = "<group>"; };
		5BC33F592007610800356B4D /* DHParallaxHeader.h */ = {isa = PBXFileReference; fileEncoding = 4; lastKnownFileType = sourcecode.c.h; path = DHParallaxHeader.h; sourceTree = "<group>"; };
		5BC33F5A2007610800356B4D /* DHScrollViewController.m */ = {isa = PBXFileReference; fileEncoding = 4; lastKnownFileType = sourcecode.c.objc; path = DHScrollViewController.m; sourceTree = "<group>"; };
		5BC33F5B2007610800356B4D /* DHScrollView.m */ = {isa = PBXFileReference; fileEncoding = 4; lastKnownFileType = sourcecode.c.objc; path = DHScrollView.m; sourceTree = "<group>"; };
		5BC33F6B200763CC00356B4D /* DHPrefixHeader.pch */ = {isa = PBXFileReference; lastKnownFileType = sourcecode.c.h; path = DHPrefixHeader.pch; sourceTree = "<group>"; };
		5BC33F6C2007673200356B4D /* DXHDebug.h */ = {isa = PBXFileReference; fileEncoding = 4; lastKnownFileType = sourcecode.c.h; path = DXHDebug.h; sourceTree = "<group>"; };
		5BC33F6E200767D400356B4D /* NSRegularExpression+Additions.m */ = {isa = PBXFileReference; fileEncoding = 4; lastKnownFileType = sourcecode.c.objc; path = "NSRegularExpression+Additions.m"; sourceTree = "<group>"; };
		5BC33F6F200767D400356B4D /* UIColor+Additions.m */ = {isa = PBXFileReference; fileEncoding = 4; lastKnownFileType = sourcecode.c.objc; path = "UIColor+Additions.m"; sourceTree = "<group>"; };
		5BC33F70200767D400356B4D /* UITextField+Additons.h */ = {isa = PBXFileReference; fileEncoding = 4; lastKnownFileType = sourcecode.c.h; path = "UITextField+Additons.h"; sourceTree = "<group>"; };
		5BC33F71200767D400356B4D /* NSObject+Additions.h */ = {isa = PBXFileReference; fileEncoding = 4; lastKnownFileType = sourcecode.c.h; path = "NSObject+Additions.h"; sourceTree = "<group>"; };
		5BC33F72200767D400356B4D /* NSDate+Additions.h */ = {isa = PBXFileReference; fileEncoding = 4; lastKnownFileType = sourcecode.c.h; path = "NSDate+Additions.h"; sourceTree = "<group>"; };
		5BC33F73200767D400356B4D /* NSRegularExpression+Additions.h */ = {isa = PBXFileReference; fileEncoding = 4; lastKnownFileType = sourcecode.c.h; path = "NSRegularExpression+Additions.h"; sourceTree = "<group>"; };
		5BC33F74200767D400356B4D /* NSData+Additions.h */ = {isa = PBXFileReference; fileEncoding = 4; lastKnownFileType = sourcecode.c.h; path = "NSData+Additions.h"; sourceTree = "<group>"; };
		5BC33F75200767D400356B4D /* UIView+Additions.m */ = {isa = PBXFileReference; fileEncoding = 4; lastKnownFileType = sourcecode.c.objc; path = "UIView+Additions.m"; sourceTree = "<group>"; };
		5BC33F76200767D400356B4D /* UITextField+Additons.m */ = {isa = PBXFileReference; fileEncoding = 4; lastKnownFileType = sourcecode.c.objc; path = "UITextField+Additons.m"; sourceTree = "<group>"; };
		5BC33F77200767D400356B4D /* DHAdditions.h */ = {isa = PBXFileReference; fileEncoding = 4; lastKnownFileType = sourcecode.c.h; path = DHAdditions.h; sourceTree = "<group>"; };
		5BC33F78200767D400356B4D /* NSNumber+Additions.m */ = {isa = PBXFileReference; fileEncoding = 4; lastKnownFileType = sourcecode.c.objc; path = "NSNumber+Additions.m"; sourceTree = "<group>"; };
		5BC33F79200767D400356B4D /* NSDictionary+Additions.h */ = {isa = PBXFileReference; fileEncoding = 4; lastKnownFileType = sourcecode.c.h; path = "NSDictionary+Additions.h"; sourceTree = "<group>"; };
		5BC33F7A200767D400356B4D /* UITableView+Additions.h */ = {isa = PBXFileReference; fileEncoding = 4; lastKnownFileType = sourcecode.c.h; path = "UITableView+Additions.h"; sourceTree = "<group>"; };
		5BC33F7B200767D400356B4D /* UIImage+Additions.m */ = {isa = PBXFileReference; fileEncoding = 4; lastKnownFileType = sourcecode.c.objc; path = "UIImage+Additions.m"; sourceTree = "<group>"; };
		5BC33F7C200767D400356B4D /* NSArray+Additions.m */ = {isa = PBXFileReference; fileEncoding = 4; lastKnownFileType = sourcecode.c.objc; path = "NSArray+Additions.m"; sourceTree = "<group>"; };
		5BC33F7D200767D400356B4D /* UIImage+Additions.h */ = {isa = PBXFileReference; fileEncoding = 4; lastKnownFileType = sourcecode.c.h; path = "UIImage+Additions.h"; sourceTree = "<group>"; };
		5BC33F7E200767D400356B4D /* NSString+Additions.m */ = {isa = PBXFileReference; fileEncoding = 4; lastKnownFileType = sourcecode.c.objc; path = "NSString+Additions.m"; sourceTree = "<group>"; };
		5BC33F7F200767D400356B4D /* UITableView+Additions.m */ = {isa = PBXFileReference; fileEncoding = 4; lastKnownFileType = sourcecode.c.objc; path = "UITableView+Additions.m"; sourceTree = "<group>"; };
		5BC33F80200767D400356B4D /* NSDate+Additions.m */ = {isa = PBXFileReference; fileEncoding = 4; lastKnownFileType = sourcecode.c.objc; path = "NSDate+Additions.m"; sourceTree = "<group>"; };
		5BC33F81200767D400356B4D /* NSData+Additions.m */ = {isa = PBXFileReference; fileEncoding = 4; lastKnownFileType = sourcecode.c.objc; path = "NSData+Additions.m"; sourceTree = "<group>"; };
		5BC33F82200767D400356B4D /* NSObject+Additions.m */ = {isa = PBXFileReference; fileEncoding = 4; lastKnownFileType = sourcecode.c.objc; path = "NSObject+Additions.m"; sourceTree = "<group>"; };
		5BC33F83200767D400356B4D /* UIScrollView+Additions.m */ = {isa = PBXFileReference; fileEncoding = 4; lastKnownFileType = sourcecode.c.objc; path = "UIScrollView+Additions.m"; sourceTree = "<group>"; };
		5BC33F84200767D500356B4D /* NSDictionary+Additions.m */ = {isa = PBXFileReference; fileEncoding = 4; lastKnownFileType = sourcecode.c.objc; path = "NSDictionary+Additions.m"; sourceTree = "<group>"; };
		5BC33F85200767D500356B4D /* NSNotificationCenter+Additions.h */ = {isa = PBXFileReference; fileEncoding = 4; lastKnownFileType = sourcecode.c.h; path = "NSNotificationCenter+Additions.h"; sourceTree = "<group>"; };
		5BC33F86200767D500356B4D /* NSNotificationCenter+Additions.m */ = {isa = PBXFileReference; fileEncoding = 4; lastKnownFileType = sourcecode.c.objc; path = "NSNotificationCenter+Additions.m"; sourceTree = "<group>"; };
		5BC33F87200767D500356B4D /* NSArray+Additions.h */ = {isa = PBXFileReference; fileEncoding = 4; lastKnownFileType = sourcecode.c.h; path = "NSArray+Additions.h"; sourceTree = "<group>"; };
		5BC33F88200767D500356B4D /* UIColor+Additions.h */ = {isa = PBXFileReference; fileEncoding = 4; lastKnownFileType = sourcecode.c.h; path = "UIColor+Additions.h"; sourceTree = "<group>"; };
		5BC33F89200767D500356B4D /* NSNumber+Additions.h */ = {isa = PBXFileReference; fileEncoding = 4; lastKnownFileType = sourcecode.c.h; path = "NSNumber+Additions.h"; sourceTree = "<group>"; };
		5BC33F8A200767D500356B4D /* UIView+Additions.h */ = {isa = PBXFileReference; fileEncoding = 4; lastKnownFileType = sourcecode.c.h; path = "UIView+Additions.h"; sourceTree = "<group>"; };
		5BC33F8B200767D500356B4D /* UIScrollView+Additions.h */ = {isa = PBXFileReference; fileEncoding = 4; lastKnownFileType = sourcecode.c.h; path = "UIScrollView+Additions.h"; sourceTree = "<group>"; };
		5BC33F8C200767D500356B4D /* NSString+Additions.h */ = {isa = PBXFileReference; fileEncoding = 4; lastKnownFileType = sourcecode.c.h; path = "NSString+Additions.h"; sourceTree = "<group>"; };
		5BC33F9F200768BC00356B4D /* DHCardViewController.h */ = {isa = PBXFileReference; lastKnownFileType = sourcecode.c.h; path = DHCardViewController.h; sourceTree = "<group>"; };
		5BC33FA0200768BC00356B4D /* DHCardViewController.m */ = {isa = PBXFileReference; lastKnownFileType = sourcecode.c.objc; path = DHCardViewController.m; sourceTree = "<group>"; };
		5BC33FA1200768BC00356B4D /* DHCardViewController.xib */ = {isa = PBXFileReference; lastKnownFileType = file.xib; path = DHCardViewController.xib; sourceTree = "<group>"; };
		5BC33FA4200768D500356B4D /* DHCardView.h */ = {isa = PBXFileReference; lastKnownFileType = sourcecode.c.h; path = DHCardView.h; sourceTree = "<group>"; };
		5BC33FA5200768D500356B4D /* DHCardView.m */ = {isa = PBXFileReference; lastKnownFileType = sourcecode.c.objc; path = DHCardView.m; sourceTree = "<group>"; };
		5BC33FA720076A4900356B4D /* DHSegmentationViewController.h */ = {isa = PBXFileReference; lastKnownFileType = sourcecode.c.h; path = DHSegmentationViewController.h; sourceTree = "<group>"; };
		5BC33FA820076A4900356B4D /* DHSegmentationViewController.m */ = {isa = PBXFileReference; lastKnownFileType = sourcecode.c.objc; path = DHSegmentationViewController.m; sourceTree = "<group>"; };
		5BC33FAA20076A8300356B4D /* DHSegmentHeaderViewController.h */ = {isa = PBXFileReference; lastKnownFileType = sourcecode.c.h; path = DHSegmentHeaderViewController.h; sourceTree = "<group>"; };
		5BC33FAB20076A8300356B4D /* DHSegmentHeaderViewController.m */ = {isa = PBXFileReference; lastKnownFileType = sourcecode.c.objc; path = DHSegmentHeaderViewController.m; sourceTree = "<group>"; };
		5BC33FAC20076A8300356B4D /* DHSegmentHeaderViewController.xib */ = {isa = PBXFileReference; lastKnownFileType = file.xib; path = DHSegmentHeaderViewController.xib; sourceTree = "<group>"; };
		5BC33FAF20076AAB00356B4D /* DHSlideViewViewController.h */ = {isa = PBXFileReference; lastKnownFileType = sourcecode.c.h; path = DHSlideViewViewController.h; sourceTree = "<group>"; };
		5BC33FB020076AAB00356B4D /* DHSlideViewViewController.m */ = {isa = PBXFileReference; lastKnownFileType = sourcecode.c.objc; path = DHSlideViewViewController.m; sourceTree = "<group>"; };
		5BC33FB120076AAB00356B4D /* DHSlideViewViewController.xib */ = {isa = PBXFileReference; lastKnownFileType = file.xib; path = DHSlideViewViewController.xib; sourceTree = "<group>"; };
		5BC33FB720076C1100356B4D /* DHConfig.h */ = {isa = PBXFileReference; lastKnownFileType = sourcecode.c.h; path = DHConfig.h; sourceTree = "<group>"; };
		5BC33FB820076D5E00356B4D /* DHContentViewController.h */ = {isa = PBXFileReference; lastKnownFileType = sourcecode.c.h; path = DHContentViewController.h; sourceTree = "<group>"; };
		5BC33FB920076D5E00356B4D /* DHContentViewController.m */ = {isa = PBXFileReference; lastKnownFileType = sourcecode.c.objc; path = DHContentViewController.m; sourceTree = "<group>"; };
		5BC33FBA20076D5E00356B4D /* DHContentViewController.xib */ = {isa = PBXFileReference; lastKnownFileType = file.xib; path = DHContentViewController.xib; sourceTree = "<group>"; };
		64C80C56F689E2BB55AC5932 /* libPods-DHControlKit.a */ = {isa = PBXFileReference; explicitFileType = archive.ar; includeInIndex = 0; path = "libPods-DHControlKit.a"; sourceTree = BUILT_PRODUCTS_DIR; };
		E04F5CD8F8741F4C6278E418 /* Pods-DHControlKit.release.xcconfig */ = {isa = PBXFileReference; includeInIndex = 1; lastKnownFileType = text.xcconfig; name = "Pods-DHControlKit.release.xcconfig"; path = "Pods/Target Support Files/Pods-DHControlKit/Pods-DHControlKit.release.xcconfig"; sourceTree = "<group>"; };
/* End PBXFileReference section */

/* Begin PBXFrameworksBuildPhase section */
		5BC33F1F20075DF700356B4D /* Frameworks */ = {
			isa = PBXFrameworksBuildPhase;
			buildActionMask = 2147483647;
			files = (
				A87223F3691225DAE612C11E /* libPods-DHControlKit.a in Frameworks */,
			);
			runOnlyForDeploymentPostprocessing = 0;
		};
/* End PBXFrameworksBuildPhase section */

/* Begin PBXGroup section */
		5B8F3E9D2043EF41004CD6D2 /* DHPlayer */ = {
			isa = PBXGroup;
			children = (
				5B8F3EB2204405E4004CD6D2 /* video */,
				5B8F3EB1204405DA004CD6D2 /* audio */,
			);
			path = DHPlayer;
			sourceTree = "<group>";
		};
		5B8F3EB1204405DA004CD6D2 /* audio */ = {
			isa = PBXGroup;
			children = (
				5B8F3EB720440A13004CD6D2 /* DHAudioPlayer.h */,
				5B8F3EB820440A13004CD6D2 /* DHAudioPlayer.m */,
			);
			path = audio;
			sourceTree = "<group>";
		};
		5B8F3EB2204405E4004CD6D2 /* video */ = {
			isa = PBXGroup;
			children = (
				5B8F3EB3204405F9004CD6D2 /* DHVideoPlayer.h */,
				5B8F3EB4204405F9004CD6D2 /* DHVideoPlayer.m */,
			);
			path = video;
			sourceTree = "<group>";
		};
		5BC33F1920075DF700356B4D = {
			isa = PBXGroup;
			children = (
				5BC33F2420075DF700356B4D /* DHControlKit */,
				5BC33F2320075DF700356B4D /* Products */,
				C2EF6A5F126A923013BD72D3 /* Pods */,
				A2BACA9C6A95D560E17825A0 /* Frameworks */,
			);
			sourceTree = "<group>";
		};
		5BC33F2320075DF700356B4D /* Products */ = {
			isa = PBXGroup;
			children = (
				5BC33F2220075DF700356B4D /* DHControlKit.app */,
			);
			name = Products;
			sourceTree = "<group>";
		};
		5BC33F2420075DF700356B4D /* DHControlKit */ = {
			isa = PBXGroup;
			children = (
				5BC33F6D200767B000356B4D /* Additions */,
				5BC33F3C2007610800356B4D /* Class */,
				5BC33F5C2007610800356B4D /* Common */,
				5BC33F6A200762D100356B4D /* Main */,
				5BC33F2520075DF700356B4D /* AppDelegate.h */,
				5BC33F2620075DF700356B4D /* AppDelegate.m */,
				5BC33F2820075DF700356B4D /* ViewController.h */,
				5BC33F2920075DF700356B4D /* ViewController.m */,
				5BC33F2B20075DF700356B4D /* Main.storyboard */,
				5BC33F2E20075DF700356B4D /* Assets.xcassets */,
				5BC33F3020075DF700356B4D /* LaunchScreen.storyboard */,
				5BC33F3320075DF700356B4D /* Info.plist */,
				5BC33F3420075DF700356B4D /* main.m */,
			);
			path = DHControlKit;
			sourceTree = "<group>";
		};
		5BC33F3C2007610800356B4D /* Class */ = {
			isa = PBXGroup;
			children = (
				5B8F3E9D2043EF41004CD6D2 /* DHPlayer */,
				5BC33F3D2007610800356B4D /* SlideView */,
				5BC33F4A2007610800356B4D /* DHSwipeView */,
				5BC33F552007610800356B4D /* DHParallaxHeader */,
			);
			path = Class;
			sourceTree = "<group>";
		};
		5BC33F3D2007610800356B4D /* SlideView */ = {
			isa = PBXGroup;
			children = (
				5BC33F402007610800356B4D /* DHSlideTabbarProtocol.h */,
				5BC33F462007610800356B4D /* DHCacheProtocol.h */,
				5BC33F482007610800356B4D /* DHColorChangeUtils.h */,
				5BC33F422007610800356B4D /* DHColorChangeUtils.m */,
				5BC33F432007610800356B4D /* DHCache.h */,
				5BC33F472007610800356B4D /* DHCache.m */,
				5BC33F3E2007610800356B4D /* DHScrollTabbarView.h */,
				5BC33F442007610800356B4D /* DHScrollTabbarView.m */,
				5BC33F492007610800356B4D /* DHSlideView.h */,
				5BC33F412007610800356B4D /* DHSlideView.m */,
				5BC33F3F2007610800356B4D /* DHCustomSlideView.h */,
				5BC33F452007610800356B4D /* DHCustomSlideView.m */,
			);
			path = SlideView;
			sourceTree = "<group>";
		};
		5BC33F4A2007610800356B4D /* DHSwipeView */ = {
			isa = PBXGroup;
			children = (
				5BC33F4B2007610800356B4D /* DHSwipeUtils.h */,
				5BC33F512007610800356B4D /* DHSwipeUtils.m */,
				5BC33F4C2007610800356B4D /* DHSwipeView.h */,
				5BC33F502007610800356B4D /* DHSwipeView.m */,
				5BC33F4F2007610800356B4D /* DHViewManager.h */,
				5BC33F542007610800356B4D /* DHViewManager.m */,
				5BC33F522007610800356B4D /* DHViewAnimator.h */,
				5BC33F4D2007610800356B4D /* DHViewAnimator.m */,
				5BC33F4E2007610800356B4D /* DHSwipeViewProtocol.m */,
				5BC33F532007610800356B4D /* DHSwipeViewProtocol.h */,
			);
			path = DHSwipeView;
			sourceTree = "<group>";
		};
		5BC33F552007610800356B4D /* DHParallaxHeader */ = {
			isa = PBXGroup;
			children = (
				5BC33F592007610800356B4D /* DHParallaxHeader.h */,
				5BC33F572007610800356B4D /* DHParallaxHeader.m */,
				5BC33F582007610800356B4D /* DHScrollView.h */,
				5BC33F5B2007610800356B4D /* DHScrollView.m */,
				5BC33F562007610800356B4D /* DHScrollViewController.h */,
				5BC33F5A2007610800356B4D /* DHScrollViewController.m */,
			);
			path = DHParallaxHeader;
			sourceTree = "<group>";
		};
		5BC33F5C2007610800356B4D /* Common */ = {
			isa = PBXGroup;
			children = (
				5BC33F6B200763CC00356B4D /* DHPrefixHeader.pch */,
				5BC33F6C2007673200356B4D /* DXHDebug.h */,
				5BC33FB720076C1100356B4D /* DHConfig.h */,
				5B8F3EB62044064A004CD6D2 /* DXHObjectSingeton.h */,
			);
			path = Common;
			sourceTree = "<group>";
		};
		5BC33F6A200762D100356B4D /* Main */ = {
			isa = PBXGroup;
			children = (
				5BC33F9D2007682F00356B4D /* Card */,
				5BC33F9E2007682F00356B4D /* Scroll */,
				5BC33F9C2007682F00356B4D /* Slide */,
			);
			path = Main;
			sourceTree = "<group>";
		};
		5BC33F6D200767B000356B4D /* Additions */ = {
			isa = PBXGroup;
			children = (
				5BC33F77200767D400356B4D /* DHAdditions.h */,
				5BC33F87200767D500356B4D /* NSArray+Additions.h */,
				5BC33F7C200767D400356B4D /* NSArray+Additions.m */,
				5BC33F74200767D400356B4D /* NSData+Additions.h */,
				5BC33F81200767D400356B4D /* NSData+Additions.m */,
				5BC33F72200767D400356B4D /* NSDate+Additions.h */,
				5BC33F80200767D400356B4D /* NSDate+Additions.m */,
				5BC33F79200767D400356B4D /* NSDictionary+Additions.h */,
				5BC33F84200767D500356B4D /* NSDictionary+Additions.m */,
				5BC33F85200767D500356B4D /* NSNotificationCenter+Additions.h */,
				5BC33F86200767D500356B4D /* NSNotificationCenter+Additions.m */,
				5BC33F89200767D500356B4D /* NSNumber+Additions.h */,
				5BC33F78200767D400356B4D /* NSNumber+Additions.m */,
				5BC33F71200767D400356B4D /* NSObject+Additions.h */,
				5BC33F82200767D400356B4D /* NSObject+Additions.m */,
				5BC33F73200767D400356B4D /* NSRegularExpression+Additions.h */,
				5BC33F6E200767D400356B4D /* NSRegularExpression+Additions.m */,
				5BC33F8C200767D500356B4D /* NSString+Additions.h */,
				5BC33F7E200767D400356B4D /* NSString+Additions.m */,
				5BC33F88200767D500356B4D /* UIColor+Additions.h */,
				5BC33F6F200767D400356B4D /* UIColor+Additions.m */,
				5BC33F7D200767D400356B4D /* UIImage+Additions.h */,
				5BC33F7B200767D400356B4D /* UIImage+Additions.m */,
				5BC33F8B200767D500356B4D /* UIScrollView+Additions.h */,
				5BC33F83200767D400356B4D /* UIScrollView+Additions.m */,
				5BC33F7A200767D400356B4D /* UITableView+Additions.h */,
				5BC33F7F200767D400356B4D /* UITableView+Additions.m */,
				5BC33F70200767D400356B4D /* UITextField+Additons.h */,
				5BC33F76200767D400356B4D /* UITextField+Additons.m */,
				5BC33F8A200767D500356B4D /* UIView+Additions.h */,
				5BC33F75200767D400356B4D /* UIView+Additions.m */,
			);
			path = Additions;
			sourceTree = "<group>";
		};
		5BC33F9C2007682F00356B4D /* Slide */ = {
			isa = PBXGroup;
			children = (
				5BC33FA720076A4900356B4D /* DHSegmentationViewController.h */,
				5BC33FA820076A4900356B4D /* DHSegmentationViewController.m */,
				5BC33FAA20076A8300356B4D /* DHSegmentHeaderViewController.h */,
				5BC33FAB20076A8300356B4D /* DHSegmentHeaderViewController.m */,
				5BC33FAC20076A8300356B4D /* DHSegmentHeaderViewController.xib */,
			);
			path = Slide;
			sourceTree = "<group>";
		};
		5BC33F9D2007682F00356B4D /* Card */ = {
			isa = PBXGroup;
			children = (
				5BC33F9F200768BC00356B4D /* DHCardViewController.h */,
				5BC33FA0200768BC00356B4D /* DHCardViewController.m */,
				5BC33FA1200768BC00356B4D /* DHCardViewController.xib */,
				5BC33FA4200768D500356B4D /* DHCardView.h */,
				5BC33FA5200768D500356B4D /* DHCardView.m */,
			);
			path = Card;
			sourceTree = "<group>";
		};
		5BC33F9E2007682F00356B4D /* Scroll */ = {
			isa = PBXGroup;
			children = (
				5BC33FAF20076AAB00356B4D /* DHSlideViewViewController.h */,
				5BC33FB020076AAB00356B4D /* DHSlideViewViewController.m */,
				5BC33FB120076AAB00356B4D /* DHSlideViewViewController.xib */,
				5BC33FB820076D5E00356B4D /* DHContentViewController.h */,
				5BC33FB920076D5E00356B4D /* DHContentViewController.m */,
				5BC33FBA20076D5E00356B4D /* DHContentViewController.xib */,
			);
			path = Scroll;
			sourceTree = "<group>";
		};
		A2BACA9C6A95D560E17825A0 /* Frameworks */ = {
			isa = PBXGroup;
			children = (
				64C80C56F689E2BB55AC5932 /* libPods-DHControlKit.a */,
			);
			name = Frameworks;
			sourceTree = "<group>";
		};
		C2EF6A5F126A923013BD72D3 /* Pods */ = {
			isa = PBXGroup;
			children = (
				154B02DDFB43457F32ED9BF8 /* Pods-DHControlKit.debug.xcconfig */,
				E04F5CD8F8741F4C6278E418 /* Pods-DHControlKit.release.xcconfig */,
			);
			name = Pods;
			sourceTree = "<group>";
		};
/* End PBXGroup section */

/* Begin PBXNativeTarget section */
		5BC33F2120075DF700356B4D /* DHControlKit */ = {
			isa = PBXNativeTarget;
			buildConfigurationList = 5BC33F3820075DF700356B4D /* Build configuration list for PBXNativeTarget "DHControlKit" */;
			buildPhases = (
				CFA87589533BC1AC34ED9A73 /* [CP] Check Pods Manifest.lock */,
				5BC33F1E20075DF700356B4D /* Sources */,
				5BC33F1F20075DF700356B4D /* Frameworks */,
				5BC33F2020075DF700356B4D /* Resources */,
				3C920116C99E61AEA52294BC /* [CP] Embed Pods Frameworks */,
				3062439ACD99FB198DEA0929 /* [CP] Copy Pods Resources */,
			);
			buildRules = (
			);
			dependencies = (
			);
			name = DHControlKit;
			productName = DHControlKit;
			productReference = 5BC33F2220075DF700356B4D /* DHControlKit.app */;
			productType = "com.apple.product-type.application";
		};
/* End PBXNativeTarget section */

/* Begin PBXProject section */
		5BC33F1A20075DF700356B4D /* Project object */ = {
			isa = PBXProject;
			attributes = {
				CLASSPREFIX = DH;
				LastUpgradeCheck = 0920;
				ORGANIZATIONNAME = "代新辉";
				TargetAttributes = {
					5BC33F2120075DF700356B4D = {
						CreatedOnToolsVersion = 9.2;
						ProvisioningStyle = Manual;
					};
				};
			};
			buildConfigurationList = 5BC33F1D20075DF700356B4D /* Build configuration list for PBXProject "DHControlKit" */;
			compatibilityVersion = "Xcode 8.0";
			developmentRegion = en;
			hasScannedForEncodings = 0;
			knownRegions = (
				en,
				Base,
			);
			mainGroup = 5BC33F1920075DF700356B4D;
			productRefGroup = 5BC33F2320075DF700356B4D /* Products */;
			projectDirPath = "";
			projectRoot = "";
			targets = (
				5BC33F2120075DF700356B4D /* DHControlKit */,
			);
		};
/* End PBXProject section */

/* Begin PBXResourcesBuildPhase section */
		5BC33F2020075DF700356B4D /* Resources */ = {
			isa = PBXResourcesBuildPhase;
			buildActionMask = 2147483647;
			files = (
				5BC33F3220075DF700356B4D /* LaunchScreen.storyboard in Resources */,
				5BC33F2F20075DF700356B4D /* Assets.xcassets in Resources */,
				5BC33FA3200768BC00356B4D /* DHCardViewController.xib in Resources */,
				5BC33FBC20076D5E00356B4D /* DHContentViewController.xib in Resources */,
				5BC33FB320076AAB00356B4D /* DHSlideViewViewController.xib in Resources */,
				5BC33FAE20076A8300356B4D /* DHSegmentHeaderViewController.xib in Resources */,
				5BC33F2D20075DF700356B4D /* Main.storyboard in Resources */,
			);
			runOnlyForDeploymentPostprocessing = 0;
		};
/* End PBXResourcesBuildPhase section */

/* Begin PBXShellScriptBuildPhase section */
		3062439ACD99FB198DEA0929 /* [CP] Copy Pods Resources */ = {
			isa = PBXShellScriptBuildPhase;
			buildActionMask = 2147483647;
			files = (
			);
			inputPaths = (
			);
			name = "[CP] Copy Pods Resources";
			outputPaths = (
			);
			runOnlyForDeploymentPostprocessing = 0;
			shellPath = /bin/sh;
			shellScript = "\"${SRCROOT}/Pods/Target Support Files/Pods-DHControlKit/Pods-DHControlKit-resources.sh\"\n";
			showEnvVarsInLog = 0;
		};
		3C920116C99E61AEA52294BC /* [CP] Embed Pods Frameworks */ = {
			isa = PBXShellScriptBuildPhase;
			buildActionMask = 2147483647;
			files = (
			);
			inputPaths = (
			);
			name = "[CP] Embed Pods Frameworks";
			outputPaths = (
			);
			runOnlyForDeploymentPostprocessing = 0;
			shellPath = /bin/sh;
			shellScript = "\"${SRCROOT}/Pods/Target Support Files/Pods-DHControlKit/Pods-DHControlKit-frameworks.sh\"\n";
			showEnvVarsInLog = 0;
		};
		CFA87589533BC1AC34ED9A73 /* [CP] Check Pods Manifest.lock */ = {
			isa = PBXShellScriptBuildPhase;
			buildActionMask = 2147483647;
			files = (
			);
			inputPaths = (
				"${PODS_PODFILE_DIR_PATH}/Podfile.lock",
				"${PODS_ROOT}/Manifest.lock",
			);
			name = "[CP] Check Pods Manifest.lock";
			outputPaths = (
				"$(DERIVED_FILE_DIR)/Pods-DHControlKit-checkManifestLockResult.txt",
			);
			runOnlyForDeploymentPostprocessing = 0;
			shellPath = /bin/sh;
			shellScript = "diff \"${PODS_PODFILE_DIR_PATH}/Podfile.lock\" \"${PODS_ROOT}/Manifest.lock\" > /dev/null\nif [ $? != 0 ] ; then\n    # print error to STDERR\n    echo \"error: The sandbox is not in sync with the Podfile.lock. Run 'pod install' or update your CocoaPods installation.\" >&2\n    exit 1\nfi\n# This output is used by Xcode 'outputs' to avoid re-running this script phase.\necho \"SUCCESS\" > \"${SCRIPT_OUTPUT_FILE_0}\"\n";
			showEnvVarsInLog = 0;
		};
/* End PBXShellScriptBuildPhase section */

/* Begin PBXSourcesBuildPhase section */
		5BC33F1E20075DF700356B4D /* Sources */ = {
			isa = PBXSourcesBuildPhase;
			buildActionMask = 2147483647;
			files = (
				5BC33F602007610800356B4D /* DHCustomSlideView.m in Sources */,
				5BC33F632007610800356B4D /* DHSwipeViewProtocol.m in Sources */,
				5BC33F5D2007610800356B4D /* DHSlideView.m in Sources */,
				5BC33F9B200767D500356B4D /* NSNotificationCenter+Additions.m in Sources */,
				5BC33F5F2007610800356B4D /* DHScrollTabbarView.m in Sources */,
				5BC33F682007610800356B4D /* DHScrollViewController.m in Sources */,
				5BC33F2A20075DF700356B4D /* ViewController.m in Sources */,
				5BC33F8D200767D500356B4D /* NSRegularExpression+Additions.m in Sources */,
				5BC33FA920076A4900356B4D /* DHSegmentationViewController.m in Sources */,
				5BC33F92200767D500356B4D /* UIImage+Additions.m in Sources */,
				5BC33F8F200767D500356B4D /* UIView+Additions.m in Sources */,
				5BC33FA6200768D500356B4D /* DHCardView.m in Sources */,
				5BC33F612007610800356B4D /* DHCache.m in Sources */,
				5BC33FB220076AAB00356B4D /* DHSlideViewViewController.m in Sources */,
				5BC33F99200767D500356B4D /* UIScrollView+Additions.m in Sources */,
				5BC33F97200767D500356B4D /* NSData+Additions.m in Sources */,
				5B8F3EB5204405F9004CD6D2 /* DHVideoPlayer.m in Sources */,
				5BC33F95200767D500356B4D /* UITableView+Additions.m in Sources */,
				5BC33F90200767D500356B4D /* UITextField+Additons.m in Sources */,
				5BC33F98200767D500356B4D /* NSObject+Additions.m in Sources */,
				5BC33F652007610800356B4D /* DHSwipeUtils.m in Sources */,
				5BC33F3520075DF700356B4D /* main.m in Sources */,
				5BC33F5E2007610800356B4D /* DHColorChangeUtils.m in Sources */,
				5BC33F9A200767D500356B4D /* NSDictionary+Additions.m in Sources */,
				5B8F3EB920440A13004CD6D2 /* DHAudioPlayer.m in Sources */,
				5BC33F8E200767D500356B4D /* UIColor+Additions.m in Sources */,
				5BC33F672007610800356B4D /* DHParallaxHeader.m in Sources */,
				5BC33FA2200768BC00356B4D /* DHCardViewController.m in Sources */,
				5BC33F2720075DF700356B4D /* AppDelegate.m in Sources */,
				5BC33F94200767D500356B4D /* NSString+Additions.m in Sources */,
				5BC33F622007610800356B4D /* DHViewAnimator.m in Sources */,
				5BC33FAD20076A8300356B4D /* DHSegmentHeaderViewController.m in Sources */,
				5BC33F91200767D500356B4D /* NSNumber+Additions.m in Sources */,
				5BC33F642007610800356B4D /* DHSwipeView.m in Sources */,
				5BC33FBB20076D5E00356B4D /* DHContentViewController.m in Sources */,
				5BC33F662007610800356B4D /* DHViewManager.m in Sources */,
				5BC33F692007610800356B4D /* DHScrollView.m in Sources */,
				5BC33F96200767D500356B4D /* NSDate+Additions.m in Sources */,
				5BC33F93200767D500356B4D /* NSArray+Additions.m in Sources */,
			);
			runOnlyForDeploymentPostprocessing = 0;
		};
/* End PBXSourcesBuildPhase section */

/* Begin PBXVariantGroup section */
		5BC33F2B20075DF700356B4D /* Main.storyboard */ = {
			isa = PBXVariantGroup;
			children = (
				5BC33F2C20075DF700356B4D /* Base */,
			);
			name = Main.storyboard;
			sourceTree = "<group>";
		};
		5BC33F3020075DF700356B4D /* LaunchScreen.storyboard */ = {
			isa = PBXVariantGroup;
			children = (
				5BC33F3120075DF700356B4D /* Base */,
			);
			name = LaunchScreen.storyboard;
			sourceTree = "<group>";
		};
/* End PBXVariantGroup section */

/* Begin XCBuildConfiguration section */
		5BC33F3620075DF700356B4D /* Debug */ = {
			isa = XCBuildConfiguration;
			buildSettings = {
				ALWAYS_SEARCH_USER_PATHS = NO;
				CLANG_ANALYZER_NONNULL = YES;
				CLANG_ANALYZER_NUMBER_OBJECT_CONVERSION = YES_AGGRESSIVE;
				CLANG_CXX_LANGUAGE_STANDARD = "gnu++14";
				CLANG_CXX_LIBRARY = "libc++";
				CLANG_ENABLE_MODULES = YES;
				CLANG_ENABLE_OBJC_ARC = YES;
				CLANG_WARN_BLOCK_CAPTURE_AUTORELEASING = YES;
				CLANG_WARN_BOOL_CONVERSION = YES;
				CLANG_WARN_COMMA = YES;
				CLANG_WARN_CONSTANT_CONVERSION = YES;
				CLANG_WARN_DIRECT_OBJC_ISA_USAGE = YES_ERROR;
				CLANG_WARN_DOCUMENTATION_COMMENTS = YES;
				CLANG_WARN_EMPTY_BODY = YES;
				CLANG_WARN_ENUM_CONVERSION = YES;
				CLANG_WARN_INFINITE_RECURSION = YES;
				CLANG_WARN_INT_CONVERSION = YES;
				CLANG_WARN_NON_LITERAL_NULL_CONVERSION = YES;
				CLANG_WARN_OBJC_LITERAL_CONVERSION = YES;
				CLANG_WARN_OBJC_ROOT_CLASS = YES_ERROR;
				CLANG_WARN_RANGE_LOOP_ANALYSIS = YES;
				CLANG_WARN_STRICT_PROTOTYPES = YES;
				CLANG_WARN_SUSPICIOUS_MOVE = YES;
				CLANG_WARN_UNGUARDED_AVAILABILITY = YES_AGGRESSIVE;
				CLANG_WARN_UNREACHABLE_CODE = YES;
				CLANG_WARN__DUPLICATE_METHOD_MATCH = YES;
				CODE_SIGN_IDENTITY = "iPhone Developer";
				COPY_PHASE_STRIP = NO;
				DEBUG_INFORMATION_FORMAT = dwarf;
				ENABLE_STRICT_OBJC_MSGSEND = YES;
				ENABLE_TESTABILITY = YES;
				GCC_C_LANGUAGE_STANDARD = gnu11;
				GCC_DYNAMIC_NO_PIC = NO;
				GCC_NO_COMMON_BLOCKS = YES;
				GCC_OPTIMIZATION_LEVEL = 0;
				GCC_PREPROCESSOR_DEFINITIONS = (
					"DEBUG=1",
					"$(inherited)",
				);
				GCC_WARN_64_TO_32_BIT_CONVERSION = YES;
				GCC_WARN_ABOUT_RETURN_TYPE = YES_ERROR;
				GCC_WARN_UNDECLARED_SELECTOR = YES;
				GCC_WARN_UNINITIALIZED_AUTOS = YES_AGGRESSIVE;
				GCC_WARN_UNUSED_FUNCTION = YES;
				GCC_WARN_UNUSED_VARIABLE = YES;
				IPHONEOS_DEPLOYMENT_TARGET = 11.2;
				MTL_ENABLE_DEBUG_INFO = YES;
				ONLY_ACTIVE_ARCH = YES;
				SDKROOT = iphoneos;
			};
			name = Debug;
		};
		5BC33F3720075DF700356B4D /* Release */ = {
			isa = XCBuildConfiguration;
			buildSettings = {
				ALWAYS_SEARCH_USER_PATHS = NO;
				CLANG_ANALYZER_NONNULL = YES;
				CLANG_ANALYZER_NUMBER_OBJECT_CONVERSION = YES_AGGRESSIVE;
				CLANG_CXX_LANGUAGE_STANDARD = "gnu++14";
				CLANG_CXX_LIBRARY = "libc++";
				CLANG_ENABLE_MODULES = YES;
				CLANG_ENABLE_OBJC_ARC = YES;
				CLANG_WARN_BLOCK_CAPTURE_AUTORELEASING = YES;
				CLANG_WARN_BOOL_CONVERSION = YES;
				CLANG_WARN_COMMA = YES;
				CLANG_WARN_CONSTANT_CONVERSION = YES;
				CLANG_WARN_DIRECT_OBJC_ISA_USAGE = YES_ERROR;
				CLANG_WARN_DOCUMENTATION_COMMENTS = YES;
				CLANG_WARN_EMPTY_BODY = YES;
				CLANG_WARN_ENUM_CONVERSION = YES;
				CLANG_WARN_INFINITE_RECURSION = YES;
				CLANG_WARN_INT_CONVERSION = YES;
				CLANG_WARN_NON_LITERAL_NULL_CONVERSION = YES;
				CLANG_WARN_OBJC_LITERAL_CONVERSION = YES;
				CLANG_WARN_OBJC_ROOT_CLASS = YES_ERROR;
				CLANG_WARN_RANGE_LOOP_ANALYSIS = YES;
				CLANG_WARN_STRICT_PROTOTYPES = YES;
				CLANG_WARN_SUSPICIOUS_MOVE = YES;
				CLANG_WARN_UNGUARDED_AVAILABILITY = YES_AGGRESSIVE;
				CLANG_WARN_UNREACHABLE_CODE = YES;
				CLANG_WARN__DUPLICATE_METHOD_MATCH = YES;
				CODE_SIGN_IDENTITY = "iPhone Developer";
				COPY_PHASE_STRIP = NO;
				DEBUG_INFORMATION_FORMAT = "dwarf-with-dsym";
				ENABLE_NS_ASSERTIONS = NO;
				ENABLE_STRICT_OBJC_MSGSEND = YES;
				GCC_C_LANGUAGE_STANDARD = gnu11;
				GCC_NO_COMMON_BLOCKS = YES;
				GCC_WARN_64_TO_32_BIT_CONVERSION = YES;
				GCC_WARN_ABOUT_RETURN_TYPE = YES_ERROR;
				GCC_WARN_UNDECLARED_SELECTOR = YES;
				GCC_WARN_UNINITIALIZED_AUTOS = YES_AGGRESSIVE;
				GCC_WARN_UNUSED_FUNCTION = YES;
				GCC_WARN_UNUSED_VARIABLE = YES;
				IPHONEOS_DEPLOYMENT_TARGET = 11.2;
				MTL_ENABLE_DEBUG_INFO = NO;
				SDKROOT = iphoneos;
				VALIDATE_PRODUCT = YES;
			};
			name = Release;
		};
		5BC33F3920075DF700356B4D /* Debug */ = {
			isa = XCBuildConfiguration;
			baseConfigurationReference = 154B02DDFB43457F32ED9BF8 /* Pods-DHControlKit.debug.xcconfig */;
			buildSettings = {
				ASSETCATALOG_COMPILER_APPICON_NAME = AppIcon;
				CODE_SIGN_STYLE = Manual;
				DEVELOPMENT_TEAM = 6EKHTFQG7A;
				GCC_PREFIX_HEADER = "$(SRCROOT)/DHControlKit/Common/DHPrefixHeader.pch";
				INFOPLIST_FILE = DHControlKit/Info.plist;
				LD_RUNPATH_SEARCH_PATHS = "$(inherited) @executable_path/Frameworks";
				PRODUCT_BUNDLE_IDENTIFIER = com.sogou.DHControlKit;
				PRODUCT_NAME = "$(TARGET_NAME)";
				PROVISIONING_PROFILE = "855c286d-7537-486a-8088-392d824792db";
				PROVISIONING_PROFILE_SPECIFIER = SogouMT;
				TARGETED_DEVICE_FAMILY = "1,2";
			};
			name = Debug;
		};
		5BC33F3A20075DF700356B4D /* Release */ = {
			isa = XCBuildConfiguration;
			baseConfigurationReference = E04F5CD8F8741F4C6278E418 /* Pods-DHControlKit.release.xcconfig */;
			buildSettings = {
				ASSETCATALOG_COMPILER_APPICON_NAME = AppIcon;
				CODE_SIGN_STYLE = Manual;
				DEVELOPMENT_TEAM = 6EKHTFQG7A;
				GCC_PREFIX_HEADER = "$(SRCROOT)/DHControlKit/Common/DHPrefixHeader.pch";
				INFOPLIST_FILE = DHControlKit/Info.plist;
				LD_RUNPATH_SEARCH_PATHS = "$(inherited) @executable_path/Frameworks";
				PRODUCT_BUNDLE_IDENTIFIER = com.sogou.DHControlKit;
				PRODUCT_NAME = "$(TARGET_NAME)";
				PROVISIONING_PROFILE = "855c286d-7537-486a-8088-392d824792db";
				PROVISIONING_PROFILE_SPECIFIER = SogouMT;
				TARGETED_DEVICE_FAMILY = "1,2";
			};
			name = Release;
		};
/* End XCBuildConfiguration section */

/* Begin XCConfigurationList section */
		5BC33F1D20075DF700356B4D /* Build configuration list for PBXProject "DHControlKit" */ = {
			isa = XCConfigurationList;
			buildConfigurations = (
				5BC33F3620075DF700356B4D /* Debug */,
				5BC33F3720075DF700356B4D /* Release */,
			);
			defaultConfigurationIsVisible = 0;
			defaultConfigurationName = Release;
		};
		5BC33F3820075DF700356B4D /* Build configuration list for PBXNativeTarget "DHControlKit" */ = {
			isa = XCConfigurationList;
			buildConfigurations = (
				5BC33F3920075DF700356B4D /* Debug */,
				5BC33F3A20075DF700356B4D /* Release */,
			);
			defaultConfigurationIsVisible = 0;
			defaultConfigurationName = Release;
		};
/* End XCConfigurationList section */
	};
	rootObject = 5BC33F1A20075DF700356B4D /* Project object */;
}
